
Microsoft Visual Studio Solution File, Format Version 12.00
# Visual Studio Version 16
VisualStudioVersion = 25.0.1706.6
MinimumVisualStudioVersion = 10.0.40219.1
Project("{FAE04EC0-301F-11D3-BF4B-00C04F79EFBC}") = "GravityDO", "GravityDO.csproj", "{480FC3AC-C32A-413B-95C7-D0081E6A91F6}"
EndProject
Global
	GlobalSection(SolutionConfigurationPlatforms) = preSolution
		Debug|Any CPU = Debug|Any CPU
		Release|Any CPU = Release|Any CPU
	EndGlobalSection
	GlobalSection(ProjectConfigurationPlatforms) = postSolution
		{480FC3AC-C32A-413B-95C7-D0081E6A91F6}.Debug|Any CPU.ActiveCfg = Debug|Any CPU
		{480FC3AC-C32A-413B-95C7-D0081E6A91F6}.Debug|Any CPU.Build.0 = Debug|Any CPU
		{480FC3AC-C32A-413B-95C7-D0081E6A91F6}.Release|Any CPU.ActiveCfg = Release|Any CPU
		{480FC3AC-C32A-413B-95C7-D0081E6A91F6}.Release|Any CPU.Build.0 = Release|Any CPU
	EndGlobalSection
	GlobalSection(SolutionProperties) = preSolution
		HideSolutionNode = FALSE
	EndGlobalSection
	GlobalSection(ExtensibilityGlobals) = postSolution
		SolutionGuid = {7AF96123-7B5C-4DF3-A8EC-37435B57D6C0}
	EndGlobalSection
EndGlobal
